// !$*UTF8*$!
{
	archiveVersion = 1;
	classes = {
	};
	objectVersion = 50;
	objects = {

/* Begin PBXBuildFile section */
		EFC69FC825A2174600C435FF /* AppDelegate.swift in Sources */ = {isa = PBXBuildFile; fileRef = EFC69FC725A2174600C435FF /* AppDelegate.swift */; };
		EFC69FCA25A2174600C435FF /* SceneDelegate.swift in Sources */ = {isa = PBXBuildFile; fileRef = EFC69FC925A2174600C435FF /* SceneDelegate.swift */; };
		EFC69FCC25A2174600C435FF /* ViewController.swift in Sources */ = {isa = PBXBuildFile; fileRef = EFC69FCB25A2174600C435FF /* ViewController.swift */; };
		EFC69FCF25A2174600C435FF /* Main.storyboard in Resources */ = {isa = PBXBuildFile; fileRef = EFC69FCD25A2174600C435FF /* Main.storyboard */; };
		EFC69FD125A2174800C435FF /* Assets.xcassets in Resources */ = {isa = PBXBuildFile; fileRef = EFC69FD025A2174800C435FF /* Assets.xcassets */; };
		EFC69FD425A2174800C435FF /* LaunchScreen.storyboard in Resources */ = {isa = PBXBuildFile; fileRef = EFC69FD225A2174800C435FF /* LaunchScreen.storyboard */; };
		EFC69FDD25A2177500C435FF /* json.json in Resources */ = {isa = PBXBuildFile; fileRef = EFC69FDC25A2177500C435FF /* json.json */; };
		EFC69FE025A2189100C435FF /* Person.swift in Sources */ = {isa = PBXBuildFile; fileRef = EFC69FDF25A2189100C435FF /* Person.swift */; };
		EFC69FE825A21EEA00C435FF /* CollectionViewCell.swift in Sources */ = {isa = PBXBuildFile; fileRef = EFC69FE625A21EEA00C435FF /* CollectionViewCell.swift */; };
		EFC69FE925A21EEA00C435FF /* CollectionViewCell.xib in Resources */ = {isa = PBXBuildFile; fileRef = EFC69FE725A21EEA00C435FF /* CollectionViewCell.xib */; };
/* End PBXBuildFile section */

/* Begin PBXFileReference section */
		EFC69FC425A2174600C435FF /* lesson5.app */ = {isa = PBXFileReference; explicitFileType = wrapper.application; includeInIndex = 0; path = lesson5.app; sourceTree = BUILT_PRODUCTS_DIR; };
		EFC69FC725A2174600C435FF /* AppDelegate.swift */ = {isa = PBXFileReference; lastKnownFileType = sourcecode.swift; path = AppDelegate.swift; sourceTree = "<group>"; };
		EFC69FC925A2174600C435FF /* SceneDelegate.swift */ = {isa = PBXFileReference; lastKnownFileType = sourcecode.swift; path = SceneDelegate.swift; sourceTree = "<group>"; };
		EFC69FCB25A2174600C435FF /* ViewController.swift */ = {isa = PBXFileReference; lastKnownFileType = sourcecode.swift; path = ViewController.swift; sourceTree = "<group>"; };
		EFC69FCE25A2174600C435FF /* Base */ = {isa = PBXFileReference; lastKnownFileType = file.storyboard; name = Base; path = Base.lproj/Main.storyboard; sourceTree = "<group>"; };
		EFC69FD025A2174800C435FF /* Assets.xcassets */ = {isa = PBXFileReference; lastKnownFileType = folder.assetcatalog; path = Assets.xcassets; sourceTree = "<group>"; };
		EFC69FD325A2174800C435FF /* Base */ = {isa = PBXFileReference; lastKnownFileType = file.storyboard; name = Base; path = Base.lproj/LaunchScreen.storyboard; sourceTree = "<group>"; };
		EFC69FD525A2174800C435FF /* Info.plist */ = {isa = PBXFileReference; lastKnownFileType = text.plist.xml; path = Info.plist; sourceTree = "<group>"; };
		EFC69FDC25A2177500C435FF /* json.json */ = {isa = PBXFileReference; lastKnownFileType = text.json; path = json.json; sourceTree = "<group>"; };
		EFC69FDF25A2189100C435FF /* Person.swift */ = {isa = PBXFileReference; lastKnownFileType = sourcecode.swift; path = Person.swift; sourceTree = "<group>"; };
		EFC69FE625A21EEA00C435FF /* CollectionViewCell.swift */ = {isa = PBXFileReference; lastKnownFileType = sourcecode.swift; path = CollectionViewCell.swift; sourceTree = "<group>"; };
		EFC69FE725A21EEA00C435FF /* CollectionViewCell.xib */ = {isa = PBXFileReference; lastKnownFileType = file.xib; path = CollectionViewCell.xib; sourceTree = "<group>"; };
/* End PBXFileReference section */

/* Begin PBXFrameworksBuildPhase section */
		EFC69FC125A2174600C435FF /* Frameworks */ = {
			isa = PBXFrameworksBuildPhase;
			buildActionMask = 2147483647;
			files = (
			);
			runOnlyForDeploymentPostprocessing = 0;
		};
/* End PBXFrameworksBuildPhase section */

/* Begin PBXGroup section */
		EFC69FBB25A2174600C435FF = {
			isa = PBXGroup;
			children = (
				EFC69FC625A2174600C435FF /* lesson5 */,
				EFC69FC525A2174600C435FF /* Products */,
			);
			sourceTree = "<group>";
		};
		EFC69FC525A2174600C435FF /* Products */ = {
			isa = PBXGroup;
			children = (
				EFC69FC425A2174600C435FF /* lesson5.app */,
			);
			name = Products;
			sourceTree = "<group>";
		};
		EFC69FC625A2174600C435FF /* lesson5 */ = {
			isa = PBXGroup;
			children = (
				EFC69FC725A2174600C435FF /* AppDelegate.swift */,
				EFC69FC925A2174600C435FF /* SceneDelegate.swift */,
				EFC69FCB25A2174600C435FF /* ViewController.swift */,
				EFC69FE625A21EEA00C435FF /* CollectionViewCell.swift */,
				EFC69FE725A21EEA00C435FF /* CollectionViewCell.xib */,
				EFC69FDF25A2189100C435FF /* Person.swift */,
				EFC69FCD25A2174600C435FF /* Main.storyboard */,
				EFC69FD025A2174800C435FF /* Assets.xcassets */,
				EFC69FD225A2174800C435FF /* LaunchScreen.storyboard */,
				EFC69FD525A2174800C435FF /* Info.plist */,
				EFC69FDC25A2177500C435FF /* json.json */,
			);
			path = lesson5;
			sourceTree = "<group>";
		};
/* End PBXGroup section */

/* Begin PBXNativeTarget section */
		EFC69FC325A2174600C435FF /* lesson5 */ = {
			isa = PBXNativeTarget;
			buildConfigurationList = EFC69FD825A2174800C435FF /* Build configuration list for PBXNativeTarget "lesson5" */;
			buildPhases = (
				EFC69FC025A2174600C435FF /* Sources */,
				EFC69FC125A2174600C435FF /* Frameworks */,
				EFC69FC225A2174600C435FF /* Resources */,
			);
			buildRules = (
			);
			dependencies = (
			);
			name = lesson5;
			productName = lesson5;
			productReference = EFC69FC425A2174600C435FF /* lesson5.app */;
			productType = "com.apple.product-type.application";
		};
/* End PBXNativeTarget section */

/* Begin PBXProject section */
		EFC69FBC25A2174600C435FF /* Project object */ = {
			isa = PBXProject;
			attributes = {
				LastSwiftUpdateCheck = 1230;
				LastUpgradeCheck = 1230;
				TargetAttributes = {
					EFC69FC325A2174600C435FF = {
						CreatedOnToolsVersion = 12.3;
					};
				};
			};
			buildConfigurationList = EFC69FBF25A2174600C435FF /* Build configuration list for PBXProject "lesson5" */;
			compatibilityVersion = "Xcode 9.3";
			developmentRegion = en;
			hasScannedForEncodings = 0;
			knownRegions = (
				en,
				Base,
			);
			mainGroup = EFC69FBB25A2174600C435FF;
			productRefGroup = EFC69FC525A2174600C435FF /* Products */;
			projectDirPath = "";
			projectRoot = "";
			targets = (
				EFC69FC325A2174600C435FF /* lesson5 */,
			);
		};
/* End PBXProject section */

/* Begin PBXResourcesBuildPhase section */
		EFC69FC225A2174600C435FF /* Resources */ = {
			isa = PBXResourcesBuildPhase;
			buildActionMask = 2147483647;
			files = (
				EFC69FD425A2174800C435FF /* LaunchScreen.storyboard in Resources */,
				EFC69FD125A2174800C435FF /* Assets.xcassets in Resources */,
				EFC69FCF25A2174600C435FF /* Main.storyboard in Resources */,
				EFC69FDD25A2177500C435FF /* json.json in Resources */,
				EFC69FE925A21EEA00C435FF /* CollectionViewCell.xib in Resources */,
			);
			runOnlyForDeploymentPostprocessing = 0;
		};
/* End PBXResourcesBuildPhase section */

/* Begin PBXSourcesBuildPhase section */
		EFC69FC025A2174600C435FF /* Sources */ = {
			isa = PBXSourcesBuildPhase;
			buildActionMask = 2147483647;
			files = (
				EFC69FE825A21EEA00C435FF /* CollectionViewCell.swift in Sources */,
				EFC69FE025A2189100C435FF /* Person.swift in Sources */,
				EFC69FCC25A2174600C435FF /* ViewController.swift in Sources */,
				EFC69FC825A2174600C435FF /* AppDelegate.swift in Sources */,
				EFC69FCA25A2174600C435FF /* SceneDelegate.swift in Sources */,
			);
			runOnlyForDeploymentPostprocessing = 0;
		};
/* End PBXSourcesBuildPhase section */

/* Begin PBXVariantGroup section */
		EFC69FCD25A2174600C435FF /* Main.storyboard */ = {
			isa = PBXVariantGroup;
			children = (
				EFC69FCE25A2174600C435FF /* Base */,
			);
			name = Main.storyboard;
			sourceTree = "<group>";
		};
		EFC69FD225A2174800C435FF /* LaunchScreen.storyboard */ = {
			isa = PBXVariantGroup;
			children = (
				EFC69FD325A2174800C435FF /* Base */,
			);
			name = LaunchScreen.storyboard;
			sourceTree = "<group>";
		};
/* End PBXVariantGroup section */

/* Begin XCBuildConfiguration section */
		EFC69FD625A2174800C435FF /* Debug */ = {
			isa = XCBuildConfiguration;
			buildSettings = {
				ALWAYS_SEARCH_USER_PATHS = NO;
				CLANG_ANALYZER_NONNULL = YES;
				CLANG_ANALYZER_NUMBER_OBJECT_CONVERSION = YES_AGGRESSIVE;
				CLANG_CXX_LANGUAGE_STANDARD = "gnu++14";
				CLANG_CXX_LIBRARY = "libc++";
				CLANG_ENABLE_MODULES = YES;
				CLANG_ENABLE_OBJC_ARC = YES;
				CLANG_ENABLE_OBJC_WEAK = YES;
				CLANG_WARN_BLOCK_CAPTURE_AUTORELEASING = YES;
				CLANG_WARN_BOOL_CONVERSION = YES;
				CLANG_WARN_COMMA = YES;
				CLANG_WARN_CONSTANT_CONVERSION = YES;
				CLANG_WARN_DEPRECATED_OBJC_IMPLEMENTATIONS = YES;
				CLANG_WARN_DIRECT_OBJC_ISA_USAGE = YES_ERROR;
				CLANG_WARN_DOCUMENTATION_COMMENTS = YES;
				CLANG_WARN_EMPTY_BODY = YES;
				CLANG_WARN_ENUM_CONVERSION = YES;
				CLANG_WARN_INFINITE_RECURSION = YES;
				CLANG_WARN_INT_CONVERSION = YES;
				CLANG_WARN_NON_LITERAL_NULL_CONVERSION = YES;
				CLANG_WARN_OBJC_IMPLICIT_RETAIN_SELF = YES;
				CLANG_WARN_OBJC_LITERAL_CONVERSION = YES;
				CLANG_WARN_OBJC_ROOT_CLASS = YES_ERROR;
				CLANG_WARN_QUOTED_INCLUDE_IN_FRAMEWORK_HEADER = YES;
				CLANG_WARN_RANGE_LOOP_ANALYSIS = YES;
				CLANG_WARN_STRICT_PROTOTYPES = YES;
				CLANG_WARN_SUSPICIOUS_MOVE = YES;
				CLANG_WARN_UNGUARDED_AVAILABILITY = YES_AGGRESSIVE;
				CLANG_WARN_UNREACHABLE_CODE = YES;
				CLANG_WARN__DUPLICATE_METHOD_MATCH = YES;
				COPY_PHASE_STRIP = NO;
				DEBUG_INFORMATION_FORMAT = dwarf;
				ENABLE_STRICT_OBJC_MSGSEND = YES;
				ENABLE_TESTABILITY = YES;
				GCC_C_LANGUAGE_STANDARD = gnu11;
				GCC_DYNAMIC_NO_PIC = NO;
				GCC_NO_COMMON_BLOCKS = YES;
				GCC_OPTIMIZATION_LEVEL = 0;
				GCC_PREPROCESSOR_DEFINITIONS = (
					"DEBUG=1",
					"$(inherited)",
				);
				GCC_WARN_64_TO_32_BIT_CONVERSION = YES;
				GCC_WARN_ABOUT_RETURN_TYPE = YES_ERROR;
				GCC_WARN_UNDECLARED_SELECTOR = YES;
				GCC_WARN_UNINITIALIZED_AUTOS = YES_AGGRESSIVE;
				GCC_WARN_UNUSED_FUNCTION = YES;
				GCC_WARN_UNUSED_VARIABLE = YES;
				IPHONEOS_DEPLOYMENT_TARGET = 14.3;
				MTL_ENABLE_DEBUG_INFO = INCLUDE_SOURCE;
				MTL_FAST_MATH = YES;
				ONLY_ACTIVE_ARCH = YES;
				SDKROOT = iphoneos;
				SWIFT_ACTIVE_COMPILATION_CONDITIONS = DEBUG;
				SWIFT_OPTIMIZATION_LEVEL = "-Onone";
			};
			name = Debug;
		};
		EFC69FD725A2174800C435FF /* Release */ = {
			isa = XCBuildConfiguration;
			buildSettings = {
				ALWAYS_SEARCH_USER_PATHS = NO;
				CLANG_ANALYZER_NONNULL = YES;
				CLANG_ANALYZER_NUMBER_OBJECT_CONVERSION = YES_AGGRESSIVE;
				CLANG_CXX_LANGUAGE_STANDARD = "gnu++14";
				CLANG_CXX_LIBRARY = "libc++";
				CLANG_ENABLE_MODULES = YES;
				CLANG_ENABLE_OBJC_ARC = YES;
				CLANG_ENABLE_OBJC_WEAK = YES;
				CLANG_WARN_BLOCK_CAPTURE_AUTORELEASING = YES;
				CLANG_WARN_BOOL_CONVERSION = YES;
				CLANG_WARN_COMMA = YES;
				CLANG_WARN_CONSTANT_CONVERSION = YES;
				CLANG_WARN_DEPRECATED_OBJC_IMPLEMENTATIONS = YES;
				CLANG_WARN_DIRECT_OBJC_ISA_USAGE = YES_ERROR;
				CLANG_WARN_DOCUMENTATION_COMMENTS = YES;
				CLANG_WARN_EMPTY_BODY = YES;
				CLANG_WARN_ENUM_CONVERSION = YES;
				CLANG_WARN_INFINITE_RECURSION = YES;
				CLANG_WARN_INT_CONVERSION = YES;
				CLANG_WARN_NON_LITERAL_NULL_CONVERSION = YES;
				CLANG_WARN_OBJC_IMPLICIT_RETAIN_SELF = YES;
				CLANG_WARN_OBJC_LITERAL_CONVERSION = YES;
				CLANG_WARN_OBJC_ROOT_CLASS = YES_ERROR;
				CLANG_WARN_QUOTED_INCLUDE_IN_FRAMEWORK_HEADER = YES;
				CLANG_WARN_RANGE_LOOP_ANALYSIS = YES;
				CLANG_WARN_STRICT_PROTOTYPES = YES;
				CLANG_WARN_SUSPICIOUS_MOVE = YES;
				CLANG_WARN_UNGUARDED_AVAILABILITY = YES_AGGRESSIVE;
				CLANG_WARN_UNREACHABLE_CODE = YES;
				CLANG_WARN__DUPLICATE_METHOD_MATCH = YES;
				COPY_PHASE_STRIP = NO;
				DEBUG_INFORMATION_FORMAT = "dwarf-with-dsym";
				ENABLE_NS_ASSERTIONS = NO;
				ENABLE_STRICT_OBJC_MSGSEND = YES;
				GCC_C_LANGUAGE_STANDARD = gnu11;
				GCC_NO_COMMON_BLOCKS = YES;
				GCC_WARN_64_TO_32_BIT_CONVERSION = YES;
				GCC_WARN_ABOUT_RETURN_TYPE = YES_ERROR;
				GCC_WARN_UNDECLARED_SELECTOR = YES;
				GCC_WARN_UNINITIALIZED_AUTOS = YES_AGGRESSIVE;
				GCC_WARN_UNUSED_FUNCTION = YES;
				GCC_WARN_UNUSED_VARIABLE = YES;
				IPHONEOS_DEPLOYMENT_TARGET = 14.3;
				MTL_ENABLE_DEBUG_INFO = NO;
				MTL_FAST_MATH = YES;
				SDKROOT = iphoneos;
				SWIFT_COMPILATION_MODE = wholemodule;
				SWIFT_OPTIMIZATION_LEVEL = "-O";
				VALIDATE_PRODUCT = YES;
			};
			name = Release;
		};
		EFC69FD925A2174800C435FF /* Debug */ = {
			isa = XCBuildConfiguration;
			buildSettings = {
				ASSETCATALOG_COMPILER_APPICON_NAME = AppIcon;
				ASSETCATALOG_COMPILER_GLOBAL_ACCENT_COLOR_NAME = AccentColor;
				CODE_SIGN_STYLE = Automatic;
				INFOPLIST_FILE = lesson5/Info.plist;
				LD_RUNPATH_SEARCH_PATHS = (
					"$(inherited)",
					"@executable_path/Frameworks",
				);
				PRODUCT_BUNDLE_IDENTIFIER = "-weak-self-.lesson5";
				PRODUCT_NAME = "$(TARGET_NAME)";
				SWIFT_VERSION = 5.0;
				TARGETED_DEVICE_FAMILY = "1,2";
			};
			name = Debug;
		};
		EFC69FDA25A2174800C435FF /* Release */ = {
			isa = XCBuildConfiguration;
			buildSettings = {
				ASSETCATALOG_COMPILER_APPICON_NAME = AppIcon;
				ASSETCATALOG_COMPILER_GLOBAL_ACCENT_COLOR_NAME = AccentColor;
				CODE_SIGN_STYLE = Automatic;
				INFOPLIST_FILE = lesson5/Info.plist;
				LD_RUNPATH_SEARCH_PATHS = (
					"$(inherited)",
					"@executable_path/Frameworks",
				);
				PRODUCT_BUNDLE_IDENTIFIER = "-weak-self-.lesson5";
				PRODUCT_NAME = "$(TARGET_NAME)";
				SWIFT_VERSION = 5.0;
				TARGETED_DEVICE_FAMILY = "1,2";
			};
			name = Release;
		};
/* End XCBuildConfiguration section */

/* Begin XCConfigurationList section */
		EFC69FBF25A2174600C435FF /* Build configuration list for PBXProject "lesson5" */ = {
			isa = XCConfigurationList;
			buildConfigurations = (
				EFC69FD625A2174800C435FF /* Debug */,
				EFC69FD725A2174800C435FF /* Release */,
			);
			defaultConfigurationIsVisible = 0;
			defaultConfigurationName = Release;
		};
		EFC69FD825A2174800C435FF /* Build configuration list for PBXNativeTarget "lesson5" */ = {
			isa = XCConfigurationList;
			buildConfigurations = (
				EFC69FD925A2174800C435FF /* Debug */,
				EFC69FDA25A2174800C435FF /* Release */,
			);
			defaultConfigurationIsVisible = 0;
			defaultConfigurationName = Release;
		};
/* End XCConfigurationList section */
	};
	rootObject = EFC69FBC25A2174600C435FF /* Project object */;
}
